<?xml version="1.0" encoding="UTF-8"?>
<CodeBlocks_project_file>
	<FileVersion major="1" minor="6"/>
	<Project>
		<Option title="exception_info"/>
		<Option makefile_is_custom="1"/>
		<Option compiler="gcc"/>
		<Option virtualFolders="CMake Files\;"/>
		<Build>
			<Target title="all">
				<Option working_dir="/home/meelis/repo/exception-info"/>
				<Option type="4"/>
				<MakeCommands>
					<Build command="/usr/bin/make -j8 -f &quot;/home/meelis/repo/exception-info/Makefile&quot;  VERBOSE=1 all"/>
					<CompileFile command="/usr/bin/make -j8 -f &quot;/home/meelis/repo/exception-info/Makefile&quot;  VERBOSE=1 &quot;$file&quot;"/>
					<Clean command="/usr/bin/make -j8 -f &quot;/home/meelis/repo/exception-info/Makefile&quot;  VERBOSE=1 clean"/>
					<DistClean command="/usr/bin/make -j8 -f &quot;/home/meelis/repo/exception-info/Makefile&quot;  VERBOSE=1 clean"/>
				</MakeCommands>
			</Target>
			<Target title="rebuild_cache">
				<Option working_dir="/home/meelis/repo/exception-info"/>
				<Option type="4"/>
				<MakeCommands>
					<Build command="/usr/bin/make -j8 -f &quot;/home/meelis/repo/exception-info/Makefile&quot;  VERBOSE=1 rebuild_cache"/>
					<CompileFile command="/usr/bin/make -j8 -f &quot;/home/meelis/repo/exception-info/Makefile&quot;  VERBOSE=1 &quot;$file&quot;"/>
					<Clean command="/usr/bin/make -j8 -f &quot;/home/meelis/repo/exception-info/Makefile&quot;  VERBOSE=1 clean"/>
					<DistClean command="/usr/bin/make -j8 -f &quot;/home/meelis/repo/exception-info/Makefile&quot;  VERBOSE=1 clean"/>
				</MakeCommands>
			</Target>
			<Target title="exception_info">
				<Option output="/home/meelis/repo/exception-info/target/libexceptioninfo64.so" prefix_auto="0" extension_auto="0"/>
				<Option working_dir="/home/meelis/repo/exception-info"/>
				<Option object_output="./"/>
				<Option type="3"/>
				<Option compiler="gcc"/>
				<Compiler>
					<Add directory="/usr/lib/jvm/default-java/include"/>
					<Add directory="/usr/lib/jvm/default-java/include/linux"/>
					<Add directory="/home/meelis/repo/exception-info/src/main/include"/>
					<Add directory="/home/meelis/repo/exception-info/external/spdlog/include/spdlog"/>
					<Add directory="/usr/include/c++/7"/>
					<Add directory="/usr/include/x86_64-linux-gnu/c++/7"/>
					<Add directory="/usr/include/c++/7/backward"/>
					<Add directory="/usr/lib/gcc/x86_64-linux-gnu/7/include"/>
					<Add directory="/usr/local/include"/>
					<Add directory="/usr/lib/gcc/x86_64-linux-gnu/7/include-fixed"/>
					<Add directory="/usr/include/x86_64-linux-gnu"/>
					<Add directory="/usr/include"/>
				</Compiler>
				<MakeCommands>
					<Build command="/usr/bin/make -j8 -f &quot;/home/meelis/repo/exception-info/Makefile&quot;  VERBOSE=1 exception_info"/>
					<CompileFile command="/usr/bin/make -j8 -f &quot;/home/meelis/repo/exception-info/Makefile&quot;  VERBOSE=1 &quot;$file&quot;"/>
					<Clean command="/usr/bin/make -j8 -f &quot;/home/meelis/repo/exception-info/Makefile&quot;  VERBOSE=1 clean"/>
					<DistClean command="/usr/bin/make -j8 -f &quot;/home/meelis/repo/exception-info/Makefile&quot;  VERBOSE=1 clean"/>
				</MakeCommands>
			</Target>
			<Target title="exception_info/fast">
				<Option output="/home/meelis/repo/exception-info/target/libexceptioninfo64.so" prefix_auto="0" extension_auto="0"/>
				<Option working_dir="/home/meelis/repo/exception-info"/>
				<Option object_output="./"/>
				<Option type="3"/>
				<Option compiler="gcc"/>
				<Compiler>
					<Add directory="/usr/lib/jvm/default-java/include"/>
					<Add directory="/usr/lib/jvm/default-java/include/linux"/>
					<Add directory="/home/meelis/repo/exception-info/src/main/include"/>
					<Add directory="/home/meelis/repo/exception-info/external/spdlog/include/spdlog"/>
					<Add directory="/usr/include/c++/7"/>
					<Add directory="/usr/include/x86_64-linux-gnu/c++/7"/>
					<Add directory="/usr/include/c++/7/backward"/>
					<Add directory="/usr/lib/gcc/x86_64-linux-gnu/7/include"/>
					<Add directory="/usr/local/include"/>
					<Add directory="/usr/lib/gcc/x86_64-linux-gnu/7/include-fixed"/>
					<Add directory="/usr/include/x86_64-linux-gnu"/>
					<Add directory="/usr/include"/>
				</Compiler>
				<MakeCommands>
					<Build command="/usr/bin/make -j8 -f &quot;/home/meelis/repo/exception-info/Makefile&quot;  VERBOSE=1 exception_info/fast"/>
					<CompileFile command="/usr/bin/make -j8 -f &quot;/home/meelis/repo/exception-info/Makefile&quot;  VERBOSE=1 &quot;$file&quot;"/>
					<Clean command="/usr/bin/make -j8 -f &quot;/home/meelis/repo/exception-info/Makefile&quot;  VERBOSE=1 clean"/>
					<DistClean command="/usr/bin/make -j8 -f &quot;/home/meelis/repo/exception-info/Makefile&quot;  VERBOSE=1 clean"/>
				</MakeCommands>
			</Target>
			<Target title="edit_cache">
				<Option working_dir="/home/meelis/repo/exception-info"/>
				<Option type="4"/>
				<MakeCommands>
					<Build command="/usr/bin/make -j8 -f &quot;/home/meelis/repo/exception-info/Makefile&quot;  VERBOSE=1 edit_cache"/>
					<CompileFile command="/usr/bin/make -j8 -f &quot;/home/meelis/repo/exception-info/Makefile&quot;  VERBOSE=1 &quot;$file&quot;"/>
					<Clean command="/usr/bin/make -j8 -f &quot;/home/meelis/repo/exception-info/Makefile&quot;  VERBOSE=1 clean"/>
					<DistClean command="/usr/bin/make -j8 -f &quot;/home/meelis/repo/exception-info/Makefile&quot;  VERBOSE=1 clean"/>
				</MakeCommands>
			</Target>
		</Build>
		<Unit filename="/home/meelis/repo/exception-info/src/main/c/CodeAttribute.cpp">
			<Option target="exception_info"/>
		</Unit>
		<Unit filename="/home/meelis/repo/exception-info/src/main/c/ConstPool.cpp">
			<Option target="exception_info"/>
		</Unit>
		<Unit filename="/home/meelis/repo/exception-info/src/main/c/Constants.cpp">
			<Option target="exception_info"/>
		</Unit>
		<Unit filename="/home/meelis/repo/exception-info/src/main/c/LocalVariableTable.cpp">
			<Option target="exception_info"/>
		</Unit>
		<Unit filename="/home/meelis/repo/exception-info/src/main/c/analyzer.cpp">
			<Option target="exception_info"/>
		</Unit>
		<Unit filename="/home/meelis/repo/exception-info/src/main/c/exceptionCallback.cpp">
			<Option target="exception_info"/>
		</Unit>
		<Unit filename="/home/meelis/repo/exception-info/src/main/c/logging.cpp">
			<Option target="exception_info"/>
		</Unit>
		<Unit filename="/home/meelis/repo/exception-info/src/main/c/onLoad.cpp">
			<Option target="exception_info"/>
		</Unit>
		<Unit filename="/home/meelis/repo/exception-info/src/main/c/util.cpp">
			<Option target="exception_info"/>
		</Unit>
		<Unit filename="/home/meelis/repo/exception-info/CMakeLists.txt">
			<Option virtualFolder="CMake Files\"/>
		</Unit>
	</Project>
</CodeBlocks_project_file>
